
Microsoft Visual Studio Solution File, Format Version 12.00
# Visual Studio 2013
VisualStudioVersion = 12.0.31101.0
MinimumVisualStudioVersion = 10.0.40219.1
Project("{FAE04EC0-301F-11D3-BF4B-00C04F79EFBC}") = "HelloWPF", "HelloWPF\HelloWPF.csproj", "{90E6C018-B832-4CDA-9227-A52952ED1037}"
EndProject
Project("{FAE04EC0-301F-11D3-BF4B-00C04F79EFBC}") = "LayoutWithGrids", "LayoutWithGrids\LayoutWithGrids.csproj", "{432D0795-7942-4A1C-856F-F00D75373C7D}"
EndProject
Global
	GlobalSection(SolutionConfigurationPlatforms) = preSolution
		Debug|Any CPU = Debug|Any CPU
		Release|Any CPU = Release|Any CPU
	EndGlobalSection
	GlobalSection(ProjectConfigurationPlatforms) = postSolution
		{90E6C018-B832-4CDA-9227-A52952ED1037}.Debug|Any CPU.ActiveCfg = Debug|Any CPU
		{90E6C018-B832-4CDA-9227-A52952ED1037}.Debug|Any CPU.Build.0 = Debug|Any CPU
		{90E6C018-B832-4CDA-9227-A52952ED1037}.Release|Any CPU.ActiveCfg = Release|Any CPU
		{90E6C018-B832-4CDA-9227-A52952ED1037}.Release|Any CPU.Build.0 = Release|Any CPU
		{432D0795-7942-4A1C-856F-F00D75373C7D}.Debug|Any CPU.ActiveCfg = Debug|Any CPU
		{432D0795-7942-4A1C-856F-F00D75373C7D}.Debug|Any CPU.Build.0 = Debug|Any CPU
		{432D0795-7942-4A1C-856F-F00D75373C7D}.Release|Any CPU.ActiveCfg = Release|Any CPU
		{432D0795-7942-4A1C-856F-F00D75373C7D}.Release|Any CPU.Build.0 = Release|Any CPU
	EndGlobalSection
	GlobalSection(SolutionProperties) = preSolution
		HideSolutionNode = FALSE
	EndGlobalSection
EndGlobal
